
Microsoft Visual Studio Solution File, Format Version 12.00
# Visual Studio Version 16
VisualStudioVersion = 16.0.33027.164
MinimumVisualStudioVersion = 10.0.40219.1
Project("{FAE04EC0-301F-11D3-BF4B-00C04F79EFBC}") = "ValorXReferencia", "ValorXReferencia.csproj", "{18EE7AC1-883D-4CD0-A0FC-C81D97941522}"
EndProject
Global
	GlobalSection(SolutionConfigurationPlatforms) = preSolution
		Debug|Any CPU = Debug|Any CPU
		Release|Any CPU = Release|Any CPU
	EndGlobalSection
	GlobalSection(ProjectConfigurationPlatforms) = postSolution
		{18EE7AC1-883D-4CD0-A0FC-C81D97941522}.Debug|Any CPU.ActiveCfg = Debug|Any CPU
		{18EE7AC1-883D-4CD0-A0FC-C81D97941522}.Debug|Any CPU.Build.0 = Debug|Any CPU
		{18EE7AC1-883D-4CD0-A0FC-C81D97941522}.Release|Any CPU.ActiveCfg = Release|Any CPU
		{18EE7AC1-883D-4CD0-A0FC-C81D97941522}.Release|Any CPU.Build.0 = Release|Any CPU
	EndGlobalSection
	GlobalSection(SolutionProperties) = preSolution
		HideSolutionNode = FALSE
	EndGlobalSection
	GlobalSection(ExtensibilityGlobals) = postSolution
		SolutionGuid = {414DC624-E554-4FB8-984A-5005062AE72A}
	EndGlobalSection
EndGlobal
